
Microsoft Visual Studio Solution File, Format Version 12.00
# Visual Studio Version 16
VisualStudioVersion = 16.0.28803.352
MinimumVisualStudioVersion = 10.0.40219.1
Project("{8BC9CEB8-8B4A-11D0-8D11-00A0C91BC942}") = "2_pythagorean_triples", "2_pythagorean_triples\2_pythagorean_triples.vcxproj", "{FE7762FF-5DC0-423C-AE6F-F189512898D3}"
EndProject
Global
	GlobalSection(SolutionConfigurationPlatforms) = preSolution
		Debug|x64 = Debug|x64
		Debug|x86 = Debug|x86
		Release|x64 = Release|x64
		Release|x86 = Release|x86
	EndGlobalSection
	GlobalSection(ProjectConfigurationPlatforms) = postSolution
		{FE7762FF-5DC0-423C-AE6F-F189512898D3}.Debug|x64.ActiveCfg = Debug|x64
		{FE7762FF-5DC0-423C-AE6F-F189512898D3}.Debug|x64.Build.0 = Debug|x64
		{FE7762FF-5DC0-423C-AE6F-F189512898D3}.Debug|x86.ActiveCfg = Debug|Win32
		{FE7762FF-5DC0-423C-AE6F-F189512898D3}.Debug|x86.Build.0 = Debug|Win32
		{FE7762FF-5DC0-423C-AE6F-F189512898D3}.Release|x64.ActiveCfg = Release|x64
		{FE7762FF-5DC0-423C-AE6F-F189512898D3}.Release|x64.Build.0 = Release|x64
		{FE7762FF-5DC0-423C-AE6F-F189512898D3}.Release|x86.ActiveCfg = Release|Win32
		{FE7762FF-5DC0-423C-AE6F-F189512898D3}.Release|x86.Build.0 = Release|Win32
	EndGlobalSection
	GlobalSection(SolutionProperties) = preSolution
		HideSolutionNode = FALSE
	EndGlobalSection
	GlobalSection(ExtensibilityGlobals) = postSolution
		SolutionGuid = {606DA554-5BB5-4389-8DC4-B517D4B86D35}
	EndGlobalSection
EndGlobal
