
Microsoft Visual Studio Solution File, Format Version 12.00
# Visual Studio Version 16
VisualStudioVersion = 16.0.29306.81
MinimumVisualStudioVersion = 10.0.40219.1
Project("{8BC9CEB8-8B4A-11D0-8D11-00A0C91BC942}") = "Task2", "Task2\Task2.vcxproj", "{0F0EC55B-CAB9-41B6-A286-A7C808609823}"
EndProject
Global
	GlobalSection(SolutionConfigurationPlatforms) = preSolution
		Debug|x64 = Debug|x64
		Debug|x86 = Debug|x86
		Release|x64 = Release|x64
		Release|x86 = Release|x86
	EndGlobalSection
	GlobalSection(ProjectConfigurationPlatforms) = postSolution
		{0F0EC55B-CAB9-41B6-A286-A7C808609823}.Debug|x64.ActiveCfg = Debug|x64
		{0F0EC55B-CAB9-41B6-A286-A7C808609823}.Debug|x64.Build.0 = Debug|x64
		{0F0EC55B-CAB9-41B6-A286-A7C808609823}.Debug|x86.ActiveCfg = Debug|Win32
		{0F0EC55B-CAB9-41B6-A286-A7C808609823}.Debug|x86.Build.0 = Debug|Win32
		{0F0EC55B-CAB9-41B6-A286-A7C808609823}.Release|x64.ActiveCfg = Release|x64
		{0F0EC55B-CAB9-41B6-A286-A7C808609823}.Release|x64.Build.0 = Release|x64
		{0F0EC55B-CAB9-41B6-A286-A7C808609823}.Release|x86.ActiveCfg = Release|Win32
		{0F0EC55B-CAB9-41B6-A286-A7C808609823}.Release|x86.Build.0 = Release|Win32
	EndGlobalSection
	GlobalSection(SolutionProperties) = preSolution
		HideSolutionNode = FALSE
	EndGlobalSection
	GlobalSection(ExtensibilityGlobals) = postSolution
		SolutionGuid = {C0072B24-CF9C-4132-A411-0920009FE54B}
	EndGlobalSection
EndGlobal
